PODS:
  - ARChromeActivity (1.0.4)
  - ARSafariActivity (0.0.3)
  - AutoScrollLabel (0.4.1)
  - Chivy (0.5.0):
    - Chivy/Core (= 0.5.0)
  - Chivy/Core (0.5.0):
    - ARChromeActivity
    - ARSafariActivity
    - AutoScrollLabel
    - Chivy/Core-no-arc
    - DKNavbarBackButton
    - NJKWebViewProgress
  - Chivy/Core-no-arc (0.5.0)
  - DKNavbarBackButton (0.1.4):
    - DKNavbarBackButton/core (= 0.1.4)
  - DKNavbarBackButton/core (0.1.4)
  - NJKWebViewProgress (0.2.3):
    - NJKWebViewProgress/Core (= 0.2.3)
    - NJKWebViewProgress/ProgressView (= 0.2.3)
  - NJKWebViewProgress/Core (0.2.3)
  - NJKWebViewProgress/ProgressView (0.2.3)

DEPENDENCIES:
  - Chivy (from `../`)

EXTERNAL SOURCES:
  Chivy:
    :path: "../"

SPEC CHECKSUMS:
  ARChromeActivity: 9064d94803338d3377f3e1013a8e8f4821d7daf1
  ARSafariActivity: dc358220eae06afe83e7ca0b21ca1b862ef8ae81
  AutoScrollLabel: afe272014f82c707c9203f1383f3fe4e32443fa2
  Chivy: 336420216fd408f33ae12421e40c6b610c59fa41
  DKNavbarBackButton: adee21ab468fee2d1a605f421321516157cf6543
  NJKWebViewProgress: f481fd424cb5ecc27eacae11b5397db92fba9a4d

COCOAPODS: 0.38.2
