PODS:
  - AutoScrollLabel (0.2.1)
  - SuProgress (0.8.1)

DEPENDENCIES:
  - AutoScrollLabel
  - SuProgress (from `https://github.com/DZamataev/SuProgress.git`, branch `master`)

EXTERNAL SOURCES:
  SuProgress:
    :branch: master
    :git: https://github.com/DZamataev/SuProgress.git

SPEC CHECKSUMS:
  AutoScrollLabel: 4978b57536512a3ebf4705b1b5618354bcf4ac84
  SuProgress: 0c0052ba21c5cb9917064ed323838e8bf2fb90b5

COCOAPODS: 0.27.1
