// !$*UTF8*$!
{
	archiveVersion = 1;
	classes = {
	};
	objectVersion = 46;
	objects = {

/* Begin PBXBuildFile section */
		416C97A9EAE84C2B80379410 /* libPods.a in Frameworks */ = {isa = PBXBuildFile; fileRef = 9FE6A1C4A8834B11A032B93B /* libPods.a */; };
		921E76DC1869AC6E0072122E /* ChivyLocalizable.strings in Resources */ = {isa = PBXBuildFile; fileRef = 921E76DE1869AC6E0072122E /* ChivyLocalizable.strings */; };
		923D239118311BDC00AD3C9F /* CHWebBrowserViewController_iPad.xib in Resources */ = {isa = PBXBuildFile; fileRef = 923D239018311BDC00AD3C9F /* CHWebBrowserViewController_iPad.xib */; };
		924057C818227CDF00C4EB84 /* Foundation.framework in Frameworks */ = {isa = PBXBuildFile; fileRef = 924057C718227CDF00C4EB84 /* Foundation.framework */; };
		924057CA18227CDF00C4EB84 /* CoreGraphics.framework in Frameworks */ = {isa = PBXBuildFile; fileRef = 924057C918227CDF00C4EB84 /* CoreGraphics.framework */; };
		924057CC18227CDF00C4EB84 /* UIKit.framework in Frameworks */ = {isa = PBXBuildFile; fileRef = 924057CB18227CDF00C4EB84 /* UIKit.framework */; };
		924058201822821700C4EB84 /* Main.storyboard in Resources */ = {isa = PBXBuildFile; fileRef = 9240581A1822821700C4EB84 /* Main.storyboard */; };
		924058211822821700C4EB84 /* InfoPlist.strings in Resources */ = {isa = PBXBuildFile; fileRef = 9240581C1822821700C4EB84 /* InfoPlist.strings */; };
		924058221822821700C4EB84 /* Images.xcassets in Resources */ = {isa = PBXBuildFile; fileRef = 9240581E1822821700C4EB84 /* Images.xcassets */; };
		9240582C1822822200C4EB84 /* DCAppDelegate.m in Sources */ = {isa = PBXBuildFile; fileRef = 924058271822822200C4EB84 /* DCAppDelegate.m */; };
		9240582D1822822200C4EB84 /* DCViewController.m in Sources */ = {isa = PBXBuildFile; fileRef = 924058291822822200C4EB84 /* DCViewController.m */; };
		9240582E1822822200C4EB84 /* main.m in Sources */ = {isa = PBXBuildFile; fileRef = 9240582A1822822200C4EB84 /* main.m */; };
		9240583E182289EB00C4EB84 /* CHWebBrowserViewController.m in Sources */ = {isa = PBXBuildFile; fileRef = 9240583C182289EB00C4EB84 /* CHWebBrowserViewController.m */; };
		9240584118228A0800C4EB84 /* CHWebBrowserViewController_iPhone.xib in Resources */ = {isa = PBXBuildFile; fileRef = 9240584018228A0800C4EB84 /* CHWebBrowserViewController_iPhone.xib */; };
		927DD9A01823914F003A078F /* arrow_back.png in Resources */ = {isa = PBXBuildFile; fileRef = 927DD99B1823914F003A078F /* arrow_back.png */; };
		927DD9A21823914F003A078F /* arrow_forward.png in Resources */ = {isa = PBXBuildFile; fileRef = 927DD99D1823914F003A078F /* arrow_forward.png */; };
		927DD9A818239270003A078F /* arrow_back@2x.png in Resources */ = {isa = PBXBuildFile; fileRef = 927DD9A418239270003A078F /* arrow_back@2x.png */; };
		927DD9AA18239270003A078F /* arrow_forward@2x.png in Resources */ = {isa = PBXBuildFile; fileRef = 927DD9A618239270003A078F /* arrow_forward@2x.png */; };
		927E2210182A8D9E00716FE4 /* MakeReadable.js in Resources */ = {isa = PBXBuildFile; fileRef = 927E220F182A8D9E00716FE4 /* MakeReadable.js */; };
		9292F8331828EDC9007445BF /* exit.png in Resources */ = {isa = PBXBuildFile; fileRef = 9292F82F1828EDC9007445BF /* exit.png */; };
		9292F8341828EDC9007445BF /* exit@2x.png in Resources */ = {isa = PBXBuildFile; fileRef = 9292F8301828EDC9007445BF /* exit@2x.png */; };
		9292F8351828EDC9007445BF /* read.png in Resources */ = {isa = PBXBuildFile; fileRef = 9292F8311828EDC9007445BF /* read.png */; };
		9292F8361828EDC9007445BF /* read@2x.png in Resources */ = {isa = PBXBuildFile; fileRef = 9292F8321828EDC9007445BF /* read@2x.png */; };
		92B8B31718461B70005BE407 /* CHWebBrowserViewController_iPad.m in Sources */ = {isa = PBXBuildFile; fileRef = 92B8B31618461B70005BE407 /* CHWebBrowserViewController_iPad.m */; };
		92B8B31A18461B9A005BE407 /* CHWebBrowserViewController_iPhone.m in Sources */ = {isa = PBXBuildFile; fileRef = 92B8B31918461B9A005BE407 /* CHWebBrowserViewController_iPhone.m */; };
		92FC40271839FDA80060F226 /* TKAURLProtocol.m in Sources */ = {isa = PBXBuildFile; fileRef = 92FC40261839FDA80060F226 /* TKAURLProtocol.m */; settings = {COMPILER_FLAGS = "-fno-objc-arc"; }; };
/* End PBXBuildFile section */

/* Begin PBXFileReference section */
		921E76DD1869AC6E0072122E /* Base */ = {isa = PBXFileReference; lastKnownFileType = text.plist.strings; name = Base; path = Base.lproj/ChivyLocalizable.strings; sourceTree = "<group>"; };
		921E76E21869B04F0072122E /* ru */ = {isa = PBXFileReference; lastKnownFileType = text.plist.strings; name = ru; path = ru.lproj/Main.strings; sourceTree = "<group>"; };
		921E76E31869B04F0072122E /* ru */ = {isa = PBXFileReference; lastKnownFileType = text.plist.strings; name = ru; path = ru.lproj/ChivyLocalizable.strings; sourceTree = "<group>"; };
		921E76E41869B04F0072122E /* ru */ = {isa = PBXFileReference; lastKnownFileType = text.plist.strings; name = ru; path = ru.lproj/InfoPlist.strings; sourceTree = "<group>"; };
		923D239018311BDC00AD3C9F /* CHWebBrowserViewController_iPad.xib */ = {isa = PBXFileReference; fileEncoding = 4; lastKnownFileType = file.xib; path = CHWebBrowserViewController_iPad.xib; sourceTree = "<group>"; };
		924057C418227CDF00C4EB84 /* Chivy.app */ = {isa = PBXFileReference; explicitFileType = wrapper.application; includeInIndex = 0; path = Chivy.app; sourceTree = BUILT_PRODUCTS_DIR; };
		924057C718227CDF00C4EB84 /* Foundation.framework */ = {isa = PBXFileReference; lastKnownFileType = wrapper.framework; name = Foundation.framework; path = System/Library/Frameworks/Foundation.framework; sourceTree = SDKROOT; };
		924057C918227CDF00C4EB84 /* CoreGraphics.framework */ = {isa = PBXFileReference; lastKnownFileType = wrapper.framework; name = CoreGraphics.framework; path = System/Library/Frameworks/CoreGraphics.framework; sourceTree = SDKROOT; };
		924057CB18227CDF00C4EB84 /* UIKit.framework */ = {isa = PBXFileReference; lastKnownFileType = wrapper.framework; name = UIKit.framework; path = System/Library/Frameworks/UIKit.framework; sourceTree = SDKROOT; };
		924057E918227CDF00C4EB84 /* XCTest.framework */ = {isa = PBXFileReference; lastKnownFileType = wrapper.framework; name = XCTest.framework; path = Library/Frameworks/XCTest.framework; sourceTree = DEVELOPER_DIR; };
		9240581B1822821700C4EB84 /* Base */ = {isa = PBXFileReference; lastKnownFileType = file.storyboard; name = Base; path = Base.lproj/Main.storyboard; sourceTree = "<group>"; };
		9240581D1822821700C4EB84 /* en */ = {isa = PBXFileReference; lastKnownFileType = text.plist.strings; name = en; path = en.lproj/InfoPlist.strings; sourceTree = "<group>"; };
		9240581E1822821700C4EB84 /* Images.xcassets */ = {isa = PBXFileReference; lastKnownFileType = folder.assetcatalog; path = Images.xcassets; sourceTree = "<group>"; };
		924058241822822200C4EB84 /* Chivy-Info.plist */ = {isa = PBXFileReference; fileEncoding = 4; lastKnownFileType = text.plist.xml; path = "Chivy-Info.plist"; sourceTree = "<group>"; };
		924058251822822200C4EB84 /* Chivy-Prefix.pch */ = {isa = PBXFileReference; fileEncoding = 4; lastKnownFileType = sourcecode.c.h; path = "Chivy-Prefix.pch"; sourceTree = "<group>"; };
		924058261822822200C4EB84 /* DCAppDelegate.h */ = {isa = PBXFileReference; fileEncoding = 4; lastKnownFileType = sourcecode.c.h; path = DCAppDelegate.h; sourceTree = "<group>"; };
		924058271822822200C4EB84 /* DCAppDelegate.m */ = {isa = PBXFileReference; fileEncoding = 4; lastKnownFileType = sourcecode.c.objc; path = DCAppDelegate.m; sourceTree = "<group>"; };
		924058281822822200C4EB84 /* DCViewController.h */ = {isa = PBXFileReference; fileEncoding = 4; lastKnownFileType = sourcecode.c.h; path = DCViewController.h; sourceTree = "<group>"; };
		924058291822822200C4EB84 /* DCViewController.m */ = {isa = PBXFileReference; fileEncoding = 4; lastKnownFileType = sourcecode.c.objc; path = DCViewController.m; sourceTree = "<group>"; };
		9240582A1822822200C4EB84 /* main.m */ = {isa = PBXFileReference; fileEncoding = 4; lastKnownFileType = sourcecode.c.objc; path = main.m; sourceTree = "<group>"; };
		9240583B182289EB00C4EB84 /* CHWebBrowserViewController.h */ = {isa = PBXFileReference; fileEncoding = 4; lastKnownFileType = sourcecode.c.h; path = CHWebBrowserViewController.h; sourceTree = "<group>"; };
		9240583C182289EB00C4EB84 /* CHWebBrowserViewController.m */ = {isa = PBXFileReference; fileEncoding = 4; lastKnownFileType = sourcecode.c.objc; path = CHWebBrowserViewController.m; sourceTree = "<group>"; };
		9240584018228A0800C4EB84 /* CHWebBrowserViewController_iPhone.xib */ = {isa = PBXFileReference; fileEncoding = 4; lastKnownFileType = file.xib; path = CHWebBrowserViewController_iPhone.xib; sourceTree = "<group>"; };
		927DD99B1823914F003A078F /* arrow_back.png */ = {isa = PBXFileReference; lastKnownFileType = image.png; path = arrow_back.png; sourceTree = "<group>"; };
		927DD99D1823914F003A078F /* arrow_forward.png */ = {isa = PBXFileReference; lastKnownFileType = image.png; path = arrow_forward.png; sourceTree = "<group>"; };
		927DD9A418239270003A078F /* arrow_back@2x.png */ = {isa = PBXFileReference; lastKnownFileType = image.png; path = "arrow_back@2x.png"; sourceTree = "<group>"; };
		927DD9A618239270003A078F /* arrow_forward@2x.png */ = {isa = PBXFileReference; lastKnownFileType = image.png; path = "arrow_forward@2x.png"; sourceTree = "<group>"; };
		927E220F182A8D9E00716FE4 /* MakeReadable.js */ = {isa = PBXFileReference; fileEncoding = 4; lastKnownFileType = sourcecode.javascript; path = MakeReadable.js; sourceTree = "<group>"; };
		9292F82F1828EDC9007445BF /* exit.png */ = {isa = PBXFileReference; lastKnownFileType = image.png; path = exit.png; sourceTree = "<group>"; };
		9292F8301828EDC9007445BF /* exit@2x.png */ = {isa = PBXFileReference; lastKnownFileType = image.png; path = "exit@2x.png"; sourceTree = "<group>"; };
		9292F8311828EDC9007445BF /* read.png */ = {isa = PBXFileReference; lastKnownFileType = image.png; path = read.png; sourceTree = "<group>"; };
		9292F8321828EDC9007445BF /* read@2x.png */ = {isa = PBXFileReference; lastKnownFileType = image.png; path = "read@2x.png"; sourceTree = "<group>"; };
		9292F840182912DC007445BF /* Chivy.h */ = {isa = PBXFileReference; fileEncoding = 4; lastKnownFileType = sourcecode.c.h; path = Chivy.h; sourceTree = "<group>"; };
		92B8B31518461B70005BE407 /* CHWebBrowserViewController_iPad.h */ = {isa = PBXFileReference; fileEncoding = 4; lastKnownFileType = sourcecode.c.h; path = CHWebBrowserViewController_iPad.h; sourceTree = "<group>"; };
		92B8B31618461B70005BE407 /* CHWebBrowserViewController_iPad.m */ = {isa = PBXFileReference; fileEncoding = 4; lastKnownFileType = sourcecode.c.objc; path = CHWebBrowserViewController_iPad.m; sourceTree = "<group>"; };
		92B8B31818461B9A005BE407 /* CHWebBrowserViewController_iPhone.h */ = {isa = PBXFileReference; fileEncoding = 4; lastKnownFileType = sourcecode.c.h; path = CHWebBrowserViewController_iPhone.h; sourceTree = "<group>"; };
		92B8B31918461B9A005BE407 /* CHWebBrowserViewController_iPhone.m */ = {isa = PBXFileReference; fileEncoding = 4; lastKnownFileType = sourcecode.c.objc; path = CHWebBrowserViewController_iPhone.m; sourceTree = "<group>"; };
		92FC40251839FDA80060F226 /* TKAURLProtocol.h */ = {isa = PBXFileReference; fileEncoding = 4; lastKnownFileType = sourcecode.c.h; name = TKAURLProtocol.h; path = "Source-no-arc/TKAURLProtocol.h"; sourceTree = "<group>"; };
		92FC40261839FDA80060F226 /* TKAURLProtocol.m */ = {isa = PBXFileReference; fileEncoding = 4; lastKnownFileType = sourcecode.c.objc; name = TKAURLProtocol.m; path = "Source-no-arc/TKAURLProtocol.m"; sourceTree = "<group>"; };
		9FE6A1C4A8834B11A032B93B /* libPods.a */ = {isa = PBXFileReference; explicitFileType = archive.ar; includeInIndex = 0; path = libPods.a; sourceTree = BUILT_PRODUCTS_DIR; };
		CCD4B13B13F4458CB4785144 /* Pods.xcconfig */ = {isa = PBXFileReference; includeInIndex = 1; lastKnownFileType = text.xcconfig; name = Pods.xcconfig; path = Pods/Pods.xcconfig; sourceTree = "<group>"; };
/* End PBXFileReference section */

/* Begin PBXFrameworksBuildPhase section */
		924057C118227CDF00C4EB84 /* Frameworks */ = {
			isa = PBXFrameworksBuildPhase;
			buildActionMask = 2147483647;
			files = (
				924057CA18227CDF00C4EB84 /* CoreGraphics.framework in Frameworks */,
				924057CC18227CDF00C4EB84 /* UIKit.framework in Frameworks */,
				924057C818227CDF00C4EB84 /* Foundation.framework in Frameworks */,
				416C97A9EAE84C2B80379410 /* libPods.a in Frameworks */,
			);
			runOnlyForDeploymentPostprocessing = 0;
		};
/* End PBXFrameworksBuildPhase section */

/* Begin PBXGroup section */
		924057BB18227CDF00C4EB84 = {
			isa = PBXGroup;
			children = (
				924057FF18227E1400C4EB84 /* Core */,
				9240580018227E1400C4EB84 /* Demo */,
				924057C618227CDF00C4EB84 /* Frameworks */,
				924057C518227CDF00C4EB84 /* Products */,
				CCD4B13B13F4458CB4785144 /* Pods.xcconfig */,
			);
			sourceTree = "<group>";
		};
		924057C518227CDF00C4EB84 /* Products */ = {
			isa = PBXGroup;
			children = (
				924057C418227CDF00C4EB84 /* Chivy.app */,
			);
			name = Products;
			sourceTree = "<group>";
		};
		924057C618227CDF00C4EB84 /* Frameworks */ = {
			isa = PBXGroup;
			children = (
				924057C718227CDF00C4EB84 /* Foundation.framework */,
				924057C918227CDF00C4EB84 /* CoreGraphics.framework */,
				924057CB18227CDF00C4EB84 /* UIKit.framework */,
				924057E918227CDF00C4EB84 /* XCTest.framework */,
				9FE6A1C4A8834B11A032B93B /* libPods.a */,
			);
			name = Frameworks;
			sourceTree = "<group>";
		};
		924057FF18227E1400C4EB84 /* Core */ = {
			isa = PBXGroup;
			children = (
				92FC40281839FDAC0060F226 /* Source-no-arc */,
				9240583A1822886300C4EB84 /* Source */,
				924058391822885D00C4EB84 /* Resources */,
			);
			path = Core;
			sourceTree = "<group>";
		};
		9240580018227E1400C4EB84 /* Demo */ = {
			isa = PBXGroup;
			children = (
				924058231822822200C4EB84 /* Source */,
				924058171822821700C4EB84 /* Resources */,
			);
			path = Demo;
			sourceTree = "<group>";
		};
		924058171822821700C4EB84 /* Resources */ = {
			isa = PBXGroup;
			children = (
				9240581A1822821700C4EB84 /* Main.storyboard */,
				9240581C1822821700C4EB84 /* InfoPlist.strings */,
				9240581E1822821700C4EB84 /* Images.xcassets */,
			);
			path = Resources;
			sourceTree = "<group>";
		};
		924058231822822200C4EB84 /* Source */ = {
			isa = PBXGroup;
			children = (
				924058241822822200C4EB84 /* Chivy-Info.plist */,
				924058251822822200C4EB84 /* Chivy-Prefix.pch */,
				924058261822822200C4EB84 /* DCAppDelegate.h */,
				924058271822822200C4EB84 /* DCAppDelegate.m */,
				924058281822822200C4EB84 /* DCViewController.h */,
				924058291822822200C4EB84 /* DCViewController.m */,
				9240582A1822822200C4EB84 /* main.m */,
			);
			path = Source;
			sourceTree = "<group>";
		};
		924058391822885D00C4EB84 /* Resources */ = {
			isa = PBXGroup;
			children = (
				927E220F182A8D9E00716FE4 /* MakeReadable.js */,
				9292F82F1828EDC9007445BF /* exit.png */,
				9292F8301828EDC9007445BF /* exit@2x.png */,
				9292F8311828EDC9007445BF /* read.png */,
				9292F8321828EDC9007445BF /* read@2x.png */,
				927DD99B1823914F003A078F /* arrow_back.png */,
				927DD9A418239270003A078F /* arrow_back@2x.png */,
				927DD99D1823914F003A078F /* arrow_forward.png */,
				927DD9A618239270003A078F /* arrow_forward@2x.png */,
				9240584018228A0800C4EB84 /* CHWebBrowserViewController_iPhone.xib */,
				923D239018311BDC00AD3C9F /* CHWebBrowserViewController_iPad.xib */,
				921E76DE1869AC6E0072122E /* ChivyLocalizable.strings */,
			);
			path = Resources;
			sourceTree = "<group>";
		};
		9240583A1822886300C4EB84 /* Source */ = {
			isa = PBXGroup;
			children = (
				9292F840182912DC007445BF /* Chivy.h */,
				9240583B182289EB00C4EB84 /* CHWebBrowserViewController.h */,
				9240583C182289EB00C4EB84 /* CHWebBrowserViewController.m */,
				92B8B31518461B70005BE407 /* CHWebBrowserViewController_iPad.h */,
				92B8B31618461B70005BE407 /* CHWebBrowserViewController_iPad.m */,
				92B8B31818461B9A005BE407 /* CHWebBrowserViewController_iPhone.h */,
				92B8B31918461B9A005BE407 /* CHWebBrowserViewController_iPhone.m */,
			);
			path = Source;
			sourceTree = "<group>";
		};
		92FC40281839FDAC0060F226 /* Source-no-arc */ = {
			isa = PBXGroup;
			children = (
				92FC40251839FDA80060F226 /* TKAURLProtocol.h */,
				92FC40261839FDA80060F226 /* TKAURLProtocol.m */,
			);
			name = "Source-no-arc";
			sourceTree = "<group>";
		};
/* End PBXGroup section */

/* Begin PBXNativeTarget section */
		924057C318227CDF00C4EB84 /* Chivy */ = {
			isa = PBXNativeTarget;
			buildConfigurationList = 924057F918227CDF00C4EB84 /* Build configuration list for PBXNativeTarget "Chivy" */;
			buildPhases = (
				11F4F3AECAA649FCA482E2F5 /* Check Pods Manifest.lock */,
				924057C018227CDF00C4EB84 /* Sources */,
				924057C118227CDF00C4EB84 /* Frameworks */,
				924057C218227CDF00C4EB84 /* Resources */,
				9F10A7398F394E969EB1BCC8 /* Copy Pods Resources */,
			);
			buildRules = (
			);
			dependencies = (
			);
			name = Chivy;
			productName = Chivy;
			productReference = 924057C418227CDF00C4EB84 /* Chivy.app */;
			productType = "com.apple.product-type.application";
		};
/* End PBXNativeTarget section */

/* Begin PBXProject section */
		924057BC18227CDF00C4EB84 /* Project object */ = {
			isa = PBXProject;
			attributes = {
				CLASSPREFIX = DC;
				LastUpgradeCheck = 0510;
				ORGANIZATIONNAME = "Denis Zamataev";
				TargetAttributes = {
					924057C318227CDF00C4EB84 = {
						DevelopmentTeam = 24RC87V7LH;
					};
				};
			};
			buildConfigurationList = 924057BF18227CDF00C4EB84 /* Build configuration list for PBXProject "Chivy" */;
			compatibilityVersion = "Xcode 3.2";
			developmentRegion = English;
			hasScannedForEncodings = 0;
			knownRegions = (
				en,
				Base,
				"ru-RU",
				ru,
			);
			mainGroup = 924057BB18227CDF00C4EB84;
			productRefGroup = 924057C518227CDF00C4EB84 /* Products */;
			projectDirPath = "";
			projectRoot = "";
			targets = (
				924057C318227CDF00C4EB84 /* Chivy */,
			);
		};
/* End PBXProject section */

/* Begin PBXResourcesBuildPhase section */
		924057C218227CDF00C4EB84 /* Resources */ = {
			isa = PBXResourcesBuildPhase;
			buildActionMask = 2147483647;
			files = (
				921E76DC1869AC6E0072122E /* ChivyLocalizable.strings in Resources */,
				924058201822821700C4EB84 /* Main.storyboard in Resources */,
				927DD9AA18239270003A078F /* arrow_forward@2x.png in Resources */,
				924058221822821700C4EB84 /* Images.xcassets in Resources */,
				923D239118311BDC00AD3C9F /* CHWebBrowserViewController_iPad.xib in Resources */,
				927DD9A01823914F003A078F /* arrow_back.png in Resources */,
				9292F8331828EDC9007445BF /* exit.png in Resources */,
				9292F8361828EDC9007445BF /* read@2x.png in Resources */,
				9292F8351828EDC9007445BF /* read.png in Resources */,
				927DD9A21823914F003A078F /* arrow_forward.png in Resources */,
				9292F8341828EDC9007445BF /* exit@2x.png in Resources */,
				924058211822821700C4EB84 /* InfoPlist.strings in Resources */,
				927DD9A818239270003A078F /* arrow_back@2x.png in Resources */,
				9240584118228A0800C4EB84 /* CHWebBrowserViewController_iPhone.xib in Resources */,
				927E2210182A8D9E00716FE4 /* MakeReadable.js in Resources */,
			);
			runOnlyForDeploymentPostprocessing = 0;
		};
/* End PBXResourcesBuildPhase section */

/* Begin PBXShellScriptBuildPhase section */
		11F4F3AECAA649FCA482E2F5 /* Check Pods Manifest.lock */ = {
			isa = PBXShellScriptBuildPhase;
			buildActionMask = 2147483647;
			files = (
			);
			inputPaths = (
			);
			name = "Check Pods Manifest.lock";
			outputPaths = (
			);
			runOnlyForDeploymentPostprocessing = 0;
			shellPath = /bin/sh;
			shellScript = "diff \"${PODS_ROOT}/../Podfile.lock\" \"${PODS_ROOT}/Manifest.lock\" > /dev/null\nif [[ $? != 0 ]] ; then\n    cat << EOM\nerror: The sandbox is not in sync with the Podfile.lock. Run 'pod install' or update your CocoaPods installation.\nEOM\n    exit 1\nfi\n";
			showEnvVarsInLog = 0;
		};
		9F10A7398F394E969EB1BCC8 /* Copy Pods Resources */ = {
			isa = PBXShellScriptBuildPhase;
			buildActionMask = 2147483647;
			files = (
			);
			inputPaths = (
			);
			name = "Copy Pods Resources";
			outputPaths = (
			);
			runOnlyForDeploymentPostprocessing = 0;
			shellPath = /bin/sh;
			shellScript = "\"${SRCROOT}/Pods/Pods-resources.sh\"\n";
			showEnvVarsInLog = 0;
		};
/* End PBXShellScriptBuildPhase section */

/* Begin PBXSourcesBuildPhase section */
		924057C018227CDF00C4EB84 /* Sources */ = {
			isa = PBXSourcesBuildPhase;
			buildActionMask = 2147483647;
			files = (
				9240582C1822822200C4EB84 /* DCAppDelegate.m in Sources */,
				92B8B31718461B70005BE407 /* CHWebBrowserViewController_iPad.m in Sources */,
				9240582E1822822200C4EB84 /* main.m in Sources */,
				9240582D1822822200C4EB84 /* DCViewController.m in Sources */,
				92B8B31A18461B9A005BE407 /* CHWebBrowserViewController_iPhone.m in Sources */,
				9240583E182289EB00C4EB84 /* CHWebBrowserViewController.m in Sources */,
				92FC40271839FDA80060F226 /* TKAURLProtocol.m in Sources */,
			);
			runOnlyForDeploymentPostprocessing = 0;
		};
/* End PBXSourcesBuildPhase section */

/* Begin PBXVariantGroup section */
		921E76DE1869AC6E0072122E /* ChivyLocalizable.strings */ = {
			isa = PBXVariantGroup;
			children = (
				921E76DD1869AC6E0072122E /* Base */,
				921E76E31869B04F0072122E /* ru */,
			);
			name = ChivyLocalizable.strings;
			sourceTree = "<group>";
		};
		9240581A1822821700C4EB84 /* Main.storyboard */ = {
			isa = PBXVariantGroup;
			children = (
				9240581B1822821700C4EB84 /* Base */,
				921E76E21869B04F0072122E /* ru */,
			);
			name = Main.storyboard;
			sourceTree = "<group>";
		};
		9240581C1822821700C4EB84 /* InfoPlist.strings */ = {
			isa = PBXVariantGroup;
			children = (
				9240581D1822821700C4EB84 /* en */,
				921E76E41869B04F0072122E /* ru */,
			);
			name = InfoPlist.strings;
			sourceTree = "<group>";
		};
/* End PBXVariantGroup section */

/* Begin XCBuildConfiguration section */
		924057F718227CDF00C4EB84 /* Debug */ = {
			isa = XCBuildConfiguration;
			buildSettings = {
				ALWAYS_SEARCH_USER_PATHS = NO;
				CLANG_CXX_LANGUAGE_STANDARD = "gnu++0x";
				CLANG_CXX_LIBRARY = "libc++";
				CLANG_ENABLE_MODULES = YES;
				CLANG_ENABLE_OBJC_ARC = YES;
				CLANG_WARN_BOOL_CONVERSION = YES;
				CLANG_WARN_CONSTANT_CONVERSION = YES;
				CLANG_WARN_DIRECT_OBJC_ISA_USAGE = YES_ERROR;
				CLANG_WARN_EMPTY_BODY = YES;
				CLANG_WARN_ENUM_CONVERSION = YES;
				CLANG_WARN_INT_CONVERSION = YES;
				CLANG_WARN_OBJC_ROOT_CLASS = YES_ERROR;
				CLANG_WARN__DUPLICATE_METHOD_MATCH = YES;
				"CODE_SIGN_IDENTITY[sdk=iphoneos*]" = "iPhone Developer";
				COPY_PHASE_STRIP = NO;
				GCC_C_LANGUAGE_STANDARD = gnu99;
				GCC_DYNAMIC_NO_PIC = NO;
				GCC_OPTIMIZATION_LEVEL = 0;
				GCC_PREPROCESSOR_DEFINITIONS = (
					"DEBUG=1",
					"$(inherited)",
				);
				GCC_SYMBOLS_PRIVATE_EXTERN = NO;
				GCC_WARN_64_TO_32_BIT_CONVERSION = YES;
				GCC_WARN_ABOUT_RETURN_TYPE = YES_ERROR;
				GCC_WARN_UNDECLARED_SELECTOR = YES;
				GCC_WARN_UNINITIALIZED_AUTOS = YES;
				GCC_WARN_UNUSED_FUNCTION = YES;
				GCC_WARN_UNUSED_VARIABLE = YES;
				IPHONEOS_DEPLOYMENT_TARGET = 7.0;
				ONLY_ACTIVE_ARCH = YES;
				SDKROOT = iphoneos;
				TARGETED_DEVICE_FAMILY = "1,2";
			};
			name = Debug;
		};
		924057F818227CDF00C4EB84 /* Release */ = {
			isa = XCBuildConfiguration;
			buildSettings = {
				ALWAYS_SEARCH_USER_PATHS = NO;
				CLANG_CXX_LANGUAGE_STANDARD = "gnu++0x";
				CLANG_CXX_LIBRARY = "libc++";
				CLANG_ENABLE_MODULES = YES;
				CLANG_ENABLE_OBJC_ARC = YES;
				CLANG_WARN_BOOL_CONVERSION = YES;
				CLANG_WARN_CONSTANT_CONVERSION = YES;
				CLANG_WARN_DIRECT_OBJC_ISA_USAGE = YES_ERROR;
				CLANG_WARN_EMPTY_BODY = YES;
				CLANG_WARN_ENUM_CONVERSION = YES;
				CLANG_WARN_INT_CONVERSION = YES;
				CLANG_WARN_OBJC_ROOT_CLASS = YES_ERROR;
				CLANG_WARN__DUPLICATE_METHOD_MATCH = YES;
				"CODE_SIGN_IDENTITY[sdk=iphoneos*]" = "iPhone Developer";
				COPY_PHASE_STRIP = YES;
				ENABLE_NS_ASSERTIONS = NO;
				GCC_C_LANGUAGE_STANDARD = gnu99;
				GCC_WARN_64_TO_32_BIT_CONVERSION = YES;
				GCC_WARN_ABOUT_RETURN_TYPE = YES_ERROR;
				GCC_WARN_UNDECLARED_SELECTOR = YES;
				GCC_WARN_UNINITIALIZED_AUTOS = YES;
				GCC_WARN_UNUSED_FUNCTION = YES;
				GCC_WARN_UNUSED_VARIABLE = YES;
				IPHONEOS_DEPLOYMENT_TARGET = 7.0;
				SDKROOT = iphoneos;
				TARGETED_DEVICE_FAMILY = "1,2";
				VALIDATE_PRODUCT = YES;
			};
			name = Release;
		};
		924057FA18227CDF00C4EB84 /* Debug */ = {
			isa = XCBuildConfiguration;
			baseConfigurationReference = CCD4B13B13F4458CB4785144 /* Pods.xcconfig */;
			buildSettings = {
				ASSETCATALOG_COMPILER_APPICON_NAME = AppIcon;
				ASSETCATALOG_COMPILER_LAUNCHIMAGE_NAME = LaunchImage;
				CODE_SIGN_IDENTITY = "iPhone Developer";
				"CODE_SIGN_IDENTITY[sdk=iphoneos*]" = "iPhone Developer";
				GCC_PRECOMPILE_PREFIX_HEADER = YES;
				GCC_PREFIX_HEADER = "Demo/Source/Chivy-Prefix.pch";
				INFOPLIST_FILE = "$(SRCROOT)/Demo/Source/Chivy-Info.plist";
				PRODUCT_NAME = "$(TARGET_NAME)";
				PROVISIONING_PROFILE = "";
				WRAPPER_EXTENSION = app;
			};
			name = Debug;
		};
		924057FB18227CDF00C4EB84 /* Release */ = {
			isa = XCBuildConfiguration;
			baseConfigurationReference = CCD4B13B13F4458CB4785144 /* Pods.xcconfig */;
			buildSettings = {
				ASSETCATALOG_COMPILER_APPICON_NAME = AppIcon;
				ASSETCATALOG_COMPILER_LAUNCHIMAGE_NAME = LaunchImage;
				CODE_SIGN_IDENTITY = "iPhone Developer";
				"CODE_SIGN_IDENTITY[sdk=iphoneos*]" = "iPhone Developer";
				GCC_PRECOMPILE_PREFIX_HEADER = YES;
				GCC_PREFIX_HEADER = "Demo/Source/Chivy-Prefix.pch";
				INFOPLIST_FILE = "$(SRCROOT)/Demo/Source/Chivy-Info.plist";
				PRODUCT_NAME = "$(TARGET_NAME)";
				PROVISIONING_PROFILE = "";
				WRAPPER_EXTENSION = app;
			};
			name = Release;
		};
/* End XCBuildConfiguration section */

/* Begin XCConfigurationList section */
		924057BF18227CDF00C4EB84 /* Build configuration list for PBXProject "Chivy" */ = {
			isa = XCConfigurationList;
			buildConfigurations = (
				924057F718227CDF00C4EB84 /* Debug */,
				924057F818227CDF00C4EB84 /* Release */,
			);
			defaultConfigurationIsVisible = 0;
			defaultConfigurationName = Release;
		};
		924057F918227CDF00C4EB84 /* Build configuration list for PBXNativeTarget "Chivy" */ = {
			isa = XCConfigurationList;
			buildConfigurations = (
				924057FA18227CDF00C4EB84 /* Debug */,
				924057FB18227CDF00C4EB84 /* Release */,
			);
			defaultConfigurationIsVisible = 0;
			defaultConfigurationName = Release;
		};
/* End XCConfigurationList section */
	};
	rootObject = 924057BC18227CDF00C4EB84 /* Project object */;
}
